
Microsoft Visual Studio Solution File, Format Version 12.00
# Visual Studio Version 17
VisualStudioVersion = 17.13.35825.156 d17.13
MinimumVisualStudioVersion = 10.0.40219.1
Project("{FAE04EC0-301F-11D3-BF4B-00C04F79EFBC}") = "NommusProject", "NommusProject\NommusProject.csproj", "{942492A9-A733-4385-B3BC-EE44DF73EF12}"
EndProject
Global
	GlobalSection(SolutionConfigurationPlatforms) = preSolution
		Debug|Any CPU = Debug|Any CPU
		Release|Any CPU = Release|Any CPU
	EndGlobalSection
	GlobalSection(ProjectConfigurationPlatforms) = postSolution
		{942492A9-A733-4385-B3BC-EE44DF73EF12}.Debug|Any CPU.ActiveCfg = Debug|Any CPU
		{942492A9-A733-4385-B3BC-EE44DF73EF12}.Debug|Any CPU.Build.0 = Debug|Any CPU
		{942492A9-A733-4385-B3BC-EE44DF73EF12}.Release|Any CPU.ActiveCfg = Release|Any CPU
		{942492A9-A733-4385-B3BC-EE44DF73EF12}.Release|Any CPU.Build.0 = Release|Any CPU
	EndGlobalSection
	GlobalSection(SolutionProperties) = preSolution
		HideSolutionNode = FALSE
	EndGlobalSection
	GlobalSection(ExtensibilityGlobals) = postSolution
		SolutionGuid = {C94AFDF4-3B8A-4FA5-9632-AAE2BA5F1CD8}
	EndGlobalSection
EndGlobal
